
Microsoft Visual Studio Solution File, Format Version 12.00
# Visual Studio Version 17
VisualStudioVersion = 17.2.32526.322
MinimumVisualStudioVersion = 10.0.40219.1
Project("{FAE04EC0-301F-11D3-BF4B-00C04F79EFBC}") = "Namespace.cs", "Namespace.cs\Namespace.cs.csproj", "{A7EAEFD4-D327-497B-A504-36C0D24B57BF}"
EndProject
Global
	GlobalSection(SolutionConfigurationPlatforms) = preSolution
		Debug|Any CPU = Debug|Any CPU
		Release|Any CPU = Release|Any CPU
	EndGlobalSection
	GlobalSection(ProjectConfigurationPlatforms) = postSolution
		{A7EAEFD4-D327-497B-A504-36C0D24B57BF}.Debug|Any CPU.ActiveCfg = Debug|Any CPU
		{A7EAEFD4-D327-497B-A504-36C0D24B57BF}.Debug|Any CPU.Build.0 = Debug|Any CPU
		{A7EAEFD4-D327-497B-A504-36C0D24B57BF}.Release|Any CPU.ActiveCfg = Release|Any CPU
		{A7EAEFD4-D327-497B-A504-36C0D24B57BF}.Release|Any CPU.Build.0 = Release|Any CPU
	EndGlobalSection
	GlobalSection(SolutionProperties) = preSolution
		HideSolutionNode = FALSE
	EndGlobalSection
	GlobalSection(ExtensibilityGlobals) = postSolution
		SolutionGuid = {EACAE6B9-9992-48E0-9207-BF4040C6DF1B}
	EndGlobalSection
EndGlobal
